{
  "requires": true,
  "lockfileVersion": 1,
  "dependencies": {
    "@andreasremdt/simple-translator": {
      "version": "2.0.3",
      "resolved": "https://registry.npmjs.org/@andreasremdt/simple-translator/-/simple-translator-2.0.3.tgz",
      "integrity": "sha512-/KtXJPV5Q3iaflitmIn2KDS5vr0Gnw05QeGhl2eRUN1tBW6nba4YLay4Y0LI5J3WouvrycFZRTllf5Ay3FSWUQ=="
    }
  }
}
